
Microsoft Visual Studio Solution File, Format Version 12.00
# Visual Studio 15
VisualStudioVersion = 15.0.28307.102
MinimumVisualStudioVersion = 10.0.40219.1
Project("{FAE04EC0-301F-11D3-BF4B-00C04F79EFBC}") = "AWSome.Bucket", "AWSome.Bucket\AWSome.Bucket.csproj", "{FAFCCA5F-BAA0-4EC1-A289-CC887AAF7BE6}"
EndProject
Project("{FAE04EC0-301F-11D3-BF4B-00C04F79EFBC}") = "AWSome.Tests", "AWSome.Tests\AWSome.Tests.csproj", "{46CE5B7E-4D05-4D9F-8852-513B2C09E2B4}"
EndProject
Project("{FAE04EC0-301F-11D3-BF4B-00C04F79EFBC}") = "AWSome.Piping", "AWSome.Piping\AWSome.Piping.csproj", "{94B4AF52-F182-4D25-8A15-83E744029957}"
EndProject
Project("{FAE04EC0-301F-11D3-BF4B-00C04F79EFBC}") = "AWSome.Dynamite", "AWSome.Dynamite\AWSome.Dynamite.csproj", "{F921BFC2-C7A9-4315-BB45-B6AFD46B5053}"
EndProject
Project("{FAE04EC0-301F-11D3-BF4B-00C04F79EFBC}") = "AWSome.Messages", "AWSome.Messages\AWSome.Messages.csproj", "{18A09CB2-CD64-4042-8F61-73D45A84A9C1}"
EndProject
Global
	GlobalSection(SolutionConfigurationPlatforms) = preSolution
		Debug|Any CPU = Debug|Any CPU
		Release|Any CPU = Release|Any CPU
	EndGlobalSection
	GlobalSection(ProjectConfigurationPlatforms) = postSolution
		{FAFCCA5F-BAA0-4EC1-A289-CC887AAF7BE6}.Debug|Any CPU.ActiveCfg = Debug|Any CPU
		{FAFCCA5F-BAA0-4EC1-A289-CC887AAF7BE6}.Debug|Any CPU.Build.0 = Debug|Any CPU
		{FAFCCA5F-BAA0-4EC1-A289-CC887AAF7BE6}.Release|Any CPU.ActiveCfg = Release|Any CPU
		{FAFCCA5F-BAA0-4EC1-A289-CC887AAF7BE6}.Release|Any CPU.Build.0 = Release|Any CPU
		{46CE5B7E-4D05-4D9F-8852-513B2C09E2B4}.Debug|Any CPU.ActiveCfg = Debug|Any CPU
		{46CE5B7E-4D05-4D9F-8852-513B2C09E2B4}.Debug|Any CPU.Build.0 = Debug|Any CPU
		{46CE5B7E-4D05-4D9F-8852-513B2C09E2B4}.Release|Any CPU.ActiveCfg = Release|Any CPU
		{46CE5B7E-4D05-4D9F-8852-513B2C09E2B4}.Release|Any CPU.Build.0 = Release|Any CPU
		{94B4AF52-F182-4D25-8A15-83E744029957}.Debug|Any CPU.ActiveCfg = Debug|Any CPU
		{94B4AF52-F182-4D25-8A15-83E744029957}.Debug|Any CPU.Build.0 = Debug|Any CPU
		{94B4AF52-F182-4D25-8A15-83E744029957}.Release|Any CPU.ActiveCfg = Release|Any CPU
		{94B4AF52-F182-4D25-8A15-83E744029957}.Release|Any CPU.Build.0 = Release|Any CPU
		{F921BFC2-C7A9-4315-BB45-B6AFD46B5053}.Debug|Any CPU.ActiveCfg = Debug|Any CPU
		{F921BFC2-C7A9-4315-BB45-B6AFD46B5053}.Debug|Any CPU.Build.0 = Debug|Any CPU
		{F921BFC2-C7A9-4315-BB45-B6AFD46B5053}.Release|Any CPU.ActiveCfg = Release|Any CPU
		{F921BFC2-C7A9-4315-BB45-B6AFD46B5053}.Release|Any CPU.Build.0 = Release|Any CPU
		{18A09CB2-CD64-4042-8F61-73D45A84A9C1}.Debug|Any CPU.ActiveCfg = Debug|Any CPU
		{18A09CB2-CD64-4042-8F61-73D45A84A9C1}.Debug|Any CPU.Build.0 = Debug|Any CPU
		{18A09CB2-CD64-4042-8F61-73D45A84A9C1}.Release|Any CPU.ActiveCfg = Release|Any CPU
		{18A09CB2-CD64-4042-8F61-73D45A84A9C1}.Release|Any CPU.Build.0 = Release|Any CPU
	EndGlobalSection
	GlobalSection(SolutionProperties) = preSolution
		HideSolutionNode = FALSE
	EndGlobalSection
	GlobalSection(ExtensibilityGlobals) = postSolution
		SolutionGuid = {DCB14D34-63D0-4A02-9F89-3A905B516EFD}
	EndGlobalSection
EndGlobal
